PODS:
  - Alamofire (5.0.0-rc.2)
  - Charts (3.4.0):
    - Charts/Core (= 3.4.0)
  - Charts/Core (3.4.0)
  - Hero (1.4.0)
  - Kingfisher (5.8.3):
    - Kingfisher/Core (= 5.8.3)
  - Kingfisher/Core (5.8.3)
  - SwiftLint (0.35.0)

DEPENDENCIES:
  - Alamofire (~> 5.0.0-beta.5)
  - Charts
  - Hero (from `https://github.com/adamcumiskey/Hero`, commit `d76949135880e2dbc08f57a7ea987b297192c380`)
  - Kingfisher (~> 5.0)
  - SwiftLint

SPEC REPOS:
  trunk:
    - Alamofire
    - Charts
    - Kingfisher
    - SwiftLint

EXTERNAL SOURCES:
  Hero:
    :commit: d76949135880e2dbc08f57a7ea987b297192c380
    :git: https://github.com/adamcumiskey/Hero

CHECKOUT OPTIONS:
  Hero:
    :commit: d76949135880e2dbc08f57a7ea987b297192c380
    :git: https://github.com/adamcumiskey/Hero

SPEC CHECKSUMS:
  Alamofire: f9450d3c7f6bea2ad62e7a541c3e9b186c7991d6
  Charts: 74c9f256eaf0460c0c416522d1cf8c634ea6b286
  Hero: bac92350d7201a1a940003e0767c7b52ce7c99a1
  Kingfisher: b7e4cb65ff24c264bd2a1284b75b974d907afd94
  SwiftLint: 5553187048b900c91aa03552807681bb6b027846

PODFILE CHECKSUM: 054ab2a2c7418541a5eeb9369cc8985a3b0b3bb1

COCOAPODS: 1.8.3
